// !$*UTF8*$!
{
	archiveVersion = 1;
	classes = {
	};
	objectVersion = 46;
	objects = {

/* Begin PBXBuildFile section */
		D33C4E0C181B87D600F7DCAD /* Cocoa.framework in Frameworks */ = {isa = PBXBuildFile; fileRef = D33C4E0B181B87D600F7DCAD /* Cocoa.framework */; };
		D33C4E16181B87D600F7DCAD /* InfoPlist.strings in Resources */ = {isa = PBXBuildFile; fileRef = D33C4E14181B87D600F7DCAD /* InfoPlist.strings */; };
		D33C4E18181B87D600F7DCAD /* main.m in Sources */ = {isa = PBXBuildFile; fileRef = D33C4E17181B87D600F7DCAD /* main.m */; };
		D33C4E1C181B87D600F7DCAD /* Credits.rtf in Resources */ = {isa = PBXBuildFile; fileRef = D33C4E1A181B87D600F7DCAD /* Credits.rtf */; };
		D33C4E1F181B87D600F7DCAD /* emptyAppDelegate.m in Sources */ = {isa = PBXBuildFile; fileRef = D33C4E1E181B87D600F7DCAD /* emptyAppDelegate.m */; };
		D33C4E22181B87D600F7DCAD /* MainMenu.xib in Resources */ = {isa = PBXBuildFile; fileRef = D33C4E20181B87D600F7DCAD /* MainMenu.xib */; };
		D33C4E24181B87D600F7DCAD /* Images.xcassets in Resources */ = {isa = PBXBuildFile; fileRef = D33C4E23181B87D600F7DCAD /* Images.xcassets */; };
		D33C4E2B181B87D600F7DCAD /* XCTest.framework in Frameworks */ = {isa = PBXBuildFile; fileRef = D33C4E2A181B87D600F7DCAD /* XCTest.framework */; };
		D33C4E2C181B87D600F7DCAD /* Cocoa.framework in Frameworks */ = {isa = PBXBuildFile; fileRef = D33C4E0B181B87D600F7DCAD /* Cocoa.framework */; };
		D33C4E34181B87D600F7DCAD /* InfoPlist.strings in Resources */ = {isa = PBXBuildFile; fileRef = D33C4E32181B87D600F7DCAD /* InfoPlist.strings */; };
		D33C4E36181B87D600F7DCAD /* EmptyAppTests.m in Sources */ = {isa = PBXBuildFile; fileRef = D33C4E35181B87D600F7DCAD /* EmptyAppTests.m */; };
/* End PBXBuildFile section */

/* Begin PBXContainerItemProxy section */
		D33C4E2D181B87D600F7DCAD /* PBXContainerItemProxy */ = {
			isa = PBXContainerItemProxy;
			containerPortal = D33C4E00181B87D600F7DCAD /* Project object */;
			proxyType = 1;
			remoteGlobalIDString = D33C4E07181B87D600F7DCAD;
			remoteInfo = EmptyApp;
		};
/* End PBXContainerItemProxy section */

/* Begin PBXFileReference section */
		D33C4E08181B87D600F7DCAD /* EmptyApp.app */ = {isa = PBXFileReference; explicitFileType = wrapper.application; includeInIndex = 0; path = EmptyApp.app; sourceTree = BUILT_PRODUCTS_DIR; };
		D33C4E0B181B87D600F7DCAD /* Cocoa.framework */ = {isa = PBXFileReference; lastKnownFileType = wrapper.framework; name = Cocoa.framework; path = System/Library/Frameworks/Cocoa.framework; sourceTree = SDKROOT; };
		D33C4E0E181B87D600F7DCAD /* AppKit.framework */ = {isa = PBXFileReference; lastKnownFileType = wrapper.framework; name = AppKit.framework; path = System/Library/Frameworks/AppKit.framework; sourceTree = SDKROOT; };
		D33C4E0F181B87D600F7DCAD /* CoreData.framework */ = {isa = PBXFileReference; lastKnownFileType = wrapper.framework; name = CoreData.framework; path = System/Library/Frameworks/CoreData.framework; sourceTree = SDKROOT; };
		D33C4E10181B87D600F7DCAD /* Foundation.framework */ = {isa = PBXFileReference; lastKnownFileType = wrapper.framework; name = Foundation.framework; path = System/Library/Frameworks/Foundation.framework; sourceTree = SDKROOT; };
		D33C4E13181B87D600F7DCAD /* EmptyApp-Info.plist */ = {isa = PBXFileReference; lastKnownFileType = text.plist.xml; path = "EmptyApp-Info.plist"; sourceTree = "<group>"; };
		D33C4E15181B87D600F7DCAD /* en */ = {isa = PBXFileReference; lastKnownFileType = text.plist.strings; name = en; path = en.lproj/InfoPlist.strings; sourceTree = "<group>"; };
		D33C4E17181B87D600F7DCAD /* main.m */ = {isa = PBXFileReference; lastKnownFileType = sourcecode.c.objc; path = main.m; sourceTree = "<group>"; };
		D33C4E19181B87D600F7DCAD /* EmptyApp-Prefix.pch */ = {isa = PBXFileReference; lastKnownFileType = sourcecode.c.h; path = "EmptyApp-Prefix.pch"; sourceTree = "<group>"; };
		D33C4E1B181B87D600F7DCAD /* en */ = {isa = PBXFileReference; lastKnownFileType = text.rtf; name = en; path = en.lproj/Credits.rtf; sourceTree = "<group>"; };
		D33C4E1D181B87D600F7DCAD /* emptyAppDelegate.h */ = {isa = PBXFileReference; lastKnownFileType = sourcecode.c.h; path = emptyAppDelegate.h; sourceTree = "<group>"; };
		D33C4E1E181B87D600F7DCAD /* emptyAppDelegate.m */ = {isa = PBXFileReference; lastKnownFileType = sourcecode.c.objc; path = emptyAppDelegate.m; sourceTree = "<group>"; };
		D33C4E21181B87D600F7DCAD /* Base */ = {isa = PBXFileReference; lastKnownFileType = file.xib; name = Base; path = Base.lproj/MainMenu.xib; sourceTree = "<group>"; };
		D33C4E23181B87D600F7DCAD /* Images.xcassets */ = {isa = PBXFileReference; lastKnownFileType = folder.assetcatalog; path = Images.xcassets; sourceTree = "<group>"; };
		D33C4E29181B87D600F7DCAD /* EmptyAppTests.xctest */ = {isa = PBXFileReference; explicitFileType = wrapper.cfbundle; includeInIndex = 0; path = EmptyAppTests.xctest; sourceTree = BUILT_PRODUCTS_DIR; };
		D33C4E2A181B87D600F7DCAD /* XCTest.framework */ = {isa = PBXFileReference; lastKnownFileType = wrapper.framework; name = XCTest.framework; path = Library/Frameworks/XCTest.framework; sourceTree = DEVELOPER_DIR; };
		D33C4E31181B87D600F7DCAD /* EmptyAppTests-Info.plist */ = {isa = PBXFileReference; lastKnownFileType = text.plist.xml; path = "EmptyAppTests-Info.plist"; sourceTree = "<group>"; };
		D33C4E33181B87D600F7DCAD /* en */ = {isa = PBXFileReference; lastKnownFileType = text.plist.strings; name = en; path = en.lproj/InfoPlist.strings; sourceTree = "<group>"; };
		D33C4E35181B87D600F7DCAD /* EmptyAppTests.m */ = {isa = PBXFileReference; lastKnownFileType = sourcecode.c.objc; path = EmptyAppTests.m; sourceTree = "<group>"; };
/* End PBXFileReference section */

/* Begin PBXFrameworksBuildPhase section */
		D33C4E05181B87D600F7DCAD /* Frameworks */ = {
			isa = PBXFrameworksBuildPhase;
			buildActionMask = 2147483647;
			files = (
				D33C4E0C181B87D600F7DCAD /* Cocoa.framework in Frameworks */,
			);
			runOnlyForDeploymentPostprocessing = 0;
		};
		D33C4E26181B87D600F7DCAD /* Frameworks */ = {
			isa = PBXFrameworksBuildPhase;
			buildActionMask = 2147483647;
			files = (
				D33C4E2C181B87D600F7DCAD /* Cocoa.framework in Frameworks */,
				D33C4E2B181B87D600F7DCAD /* XCTest.framework in Frameworks */,
			);
			runOnlyForDeploymentPostprocessing = 0;
		};
/* End PBXFrameworksBuildPhase section */

/* Begin PBXGroup section */
		D33C4DFF181B87D600F7DCAD = {
			isa = PBXGroup;
			children = (
				D33C4E11181B87D600F7DCAD /* EmptyApp */,
				D33C4E2F181B87D600F7DCAD /* EmptyAppTests */,
				D33C4E0A181B87D600F7DCAD /* Frameworks */,
				D33C4E09181B87D600F7DCAD /* Products */,
			);
			sourceTree = "<group>";
		};
		D33C4E09181B87D600F7DCAD /* Products */ = {
			isa = PBXGroup;
			children = (
				D33C4E08181B87D600F7DCAD /* EmptyApp.app */,
				D33C4E29181B87D600F7DCAD /* EmptyAppTests.xctest */,
			);
			name = Products;
			sourceTree = "<group>";
		};
		D33C4E0A181B87D600F7DCAD /* Frameworks */ = {
			isa = PBXGroup;
			children = (
				D33C4E0B181B87D600F7DCAD /* Cocoa.framework */,
				D33C4E2A181B87D600F7DCAD /* XCTest.framework */,
				D33C4E0D181B87D600F7DCAD /* Other Frameworks */,
			);
			name = Frameworks;
			sourceTree = "<group>";
		};
		D33C4E0D181B87D600F7DCAD /* Other Frameworks */ = {
			isa = PBXGroup;
			children = (
				D33C4E0E181B87D600F7DCAD /* AppKit.framework */,
				D33C4E0F181B87D600F7DCAD /* CoreData.framework */,
				D33C4E10181B87D600F7DCAD /* Foundation.framework */,
			);
			name = "Other Frameworks";
			sourceTree = "<group>";
		};
		D33C4E11181B87D600F7DCAD /* EmptyApp */ = {
			isa = PBXGroup;
			children = (
				D33C4E1D181B87D600F7DCAD /* emptyAppDelegate.h */,
				D33C4E1E181B87D600F7DCAD /* emptyAppDelegate.m */,
				D33C4E20181B87D600F7DCAD /* MainMenu.xib */,
				D33C4E23181B87D600F7DCAD /* Images.xcassets */,
				D33C4E12181B87D600F7DCAD /* Supporting Files */,
			);
			path = EmptyApp;
			sourceTree = "<group>";
		};
		D33C4E12181B87D600F7DCAD /* Supporting Files */ = {
			isa = PBXGroup;
			children = (
				D33C4E13181B87D600F7DCAD /* EmptyApp-Info.plist */,
				D33C4E14181B87D600F7DCAD /* InfoPlist.strings */,
				D33C4E17181B87D600F7DCAD /* main.m */,
				D33C4E19181B87D600F7DCAD /* EmptyApp-Prefix.pch */,
				D33C4E1A181B87D600F7DCAD /* Credits.rtf */,
			);
			name = "Supporting Files";
			sourceTree = "<group>";
		};
		D33C4E2F181B87D600F7DCAD /* EmptyAppTests */ = {
			isa = PBXGroup;
			children = (
				D33C4E35181B87D600F7DCAD /* EmptyAppTests.m */,
				D33C4E30181B87D600F7DCAD /* Supporting Files */,
			);
			path = EmptyAppTests;
			sourceTree = "<group>";
		};
		D33C4E30181B87D600F7DCAD /* Supporting Files */ = {
			isa = PBXGroup;
			children = (
				D33C4E31181B87D600F7DCAD /* EmptyAppTests-Info.plist */,
				D33C4E32181B87D600F7DCAD /* InfoPlist.strings */,
			);
			name = "Supporting Files";
			sourceTree = "<group>";
		};
/* End PBXGroup section */

/* Begin PBXNativeTarget section */
		D33C4E07181B87D600F7DCAD /* EmptyApp */ = {
			isa = PBXNativeTarget;
			buildConfigurationList = D33C4E39181B87D600F7DCAD /* Build configuration list for PBXNativeTarget "EmptyApp" */;
			buildPhases = (
				D33C4E04181B87D600F7DCAD /* Sources */,
				D33C4E05181B87D600F7DCAD /* Frameworks */,
				D33C4E06181B87D600F7DCAD /* Resources */,
			);
			buildRules = (
			);
			dependencies = (
			);
			name = EmptyApp;
			productName = EmptyApp;
			productReference = D33C4E08181B87D600F7DCAD /* EmptyApp.app */;
			productType = "com.apple.product-type.application";
		};
		D33C4E28181B87D600F7DCAD /* EmptyAppTests */ = {
			isa = PBXNativeTarget;
			buildConfigurationList = D33C4E3C181B87D600F7DCAD /* Build configuration list for PBXNativeTarget "EmptyAppTests" */;
			buildPhases = (
				D33C4E25181B87D600F7DCAD /* Sources */,
				D33C4E26181B87D600F7DCAD /* Frameworks */,
				D33C4E27181B87D600F7DCAD /* Resources */,
			);
			buildRules = (
			);
			dependencies = (
				D33C4E2E181B87D600F7DCAD /* PBXTargetDependency */,
			);
			name = EmptyAppTests;
			productName = EmptyAppTests;
			productReference = D33C4E29181B87D600F7DCAD /* EmptyAppTests.xctest */;
			productType = "com.apple.product-type.bundle.unit-test";
		};
/* End PBXNativeTarget section */

/* Begin PBXProject section */
		D33C4E00181B87D600F7DCAD /* Project object */ = {
			isa = PBXProject;
			attributes = {
				CLASSPREFIX = empty;
				LastUpgradeCheck = 0500;
				ORGANIZATIONNAME = "brian harrison";
				TargetAttributes = {
					D33C4E28181B87D600F7DCAD = {
						TestTargetID = D33C4E07181B87D600F7DCAD;
					};
				};
			};
			buildConfigurationList = D33C4E03181B87D600F7DCAD /* Build configuration list for PBXProject "EmptyApp" */;
			compatibilityVersion = "Xcode 3.2";
			developmentRegion = English;
			hasScannedForEncodings = 0;
			knownRegions = (
				en,
				Base,
			);
			mainGroup = D33C4DFF181B87D600F7DCAD;
			productRefGroup = D33C4E09181B87D600F7DCAD /* Products */;
			projectDirPath = "";
			projectRoot = "";
			targets = (
				D33C4E07181B87D600F7DCAD /* EmptyApp */,
				D33C4E28181B87D600F7DCAD /* EmptyAppTests */,
			);
		};
/* End PBXProject section */

/* Begin PBXResourcesBuildPhase section */
		D33C4E06181B87D600F7DCAD /* Resources */ = {
			isa = PBXResourcesBuildPhase;
			buildActionMask = 2147483647;
			files = (
				D33C4E16181B87D600F7DCAD /* InfoPlist.strings in Resources */,
				D33C4E24181B87D600F7DCAD /* Images.xcassets in Resources */,
				D33C4E1C181B87D600F7DCAD /* Credits.rtf in Resources */,
				D33C4E22181B87D600F7DCAD /* MainMenu.xib in Resources */,
			);
			runOnlyForDeploymentPostprocessing = 0;
		};
		D33C4E27181B87D600F7DCAD /* Resources */ = {
			isa = PBXResourcesBuildPhase;
			buildActionMask = 2147483647;
			files = (
				D33C4E34181B87D600F7DCAD /* InfoPlist.strings in Resources */,
			);
			runOnlyForDeploymentPostprocessing = 0;
		};
/* End PBXResourcesBuildPhase section */

/* Begin PBXSourcesBuildPhase section */
		D33C4E04181B87D600F7DCAD /* Sources */ = {
			isa = PBXSourcesBuildPhase;
			buildActionMask = 2147483647;
			files = (
				D33C4E1F181B87D600F7DCAD /* emptyAppDelegate.m in Sources */,
				D33C4E18181B87D600F7DCAD /* main.m in Sources */,
			);
			runOnlyForDeploymentPostprocessing = 0;
		};
		D33C4E25181B87D600F7DCAD /* Sources */ = {
			isa = PBXSourcesBuildPhase;
			buildActionMask = 2147483647;
			files = (
				D33C4E36181B87D600F7DCAD /* EmptyAppTests.m in Sources */,
			);
			runOnlyForDeploymentPostprocessing = 0;
		};
/* End PBXSourcesBuildPhase section */

/* Begin PBXTargetDependency section */
		D33C4E2E181B87D600F7DCAD /* PBXTargetDependency */ = {
			isa = PBXTargetDependency;
			target = D33C4E07181B87D600F7DCAD /* EmptyApp */;
			targetProxy = D33C4E2D181B87D600F7DCAD /* PBXContainerItemProxy */;
		};
/* End PBXTargetDependency section */

/* Begin PBXVariantGroup section */
		D33C4E14181B87D600F7DCAD /* InfoPlist.strings */ = {
			isa = PBXVariantGroup;
			children = (
				D33C4E15181B87D600F7DCAD /* en */,
			);
			name = InfoPlist.strings;
			sourceTree = "<group>";
		};
		D33C4E1A181B87D600F7DCAD /* Credits.rtf */ = {
			isa = PBXVariantGroup;
			children = (
				D33C4E1B181B87D600F7DCAD /* en */,
			);
			name = Credits.rtf;
			sourceTree = "<group>";
		};
		D33C4E20181B87D600F7DCAD /* MainMenu.xib */ = {
			isa = PBXVariantGroup;
			children = (
				D33C4E21181B87D600F7DCAD /* Base */,
			);
			name = MainMenu.xib;
			sourceTree = "<group>";
		};
		D33C4E32181B87D600F7DCAD /* InfoPlist.strings */ = {
			isa = PBXVariantGroup;
			children = (
				D33C4E33181B87D600F7DCAD /* en */,
			);
			name = InfoPlist.strings;
			sourceTree = "<group>";
		};
/* End PBXVariantGroup section */

/* Begin XCBuildConfiguration section */
		D33C4E37181B87D600F7DCAD /* Debug */ = {
			isa = XCBuildConfiguration;
			buildSettings = {
				ALWAYS_SEARCH_USER_PATHS = NO;
				CLANG_CXX_LANGUAGE_STANDARD = "gnu++0x";
				CLANG_CXX_LIBRARY = "libc++";
				CLANG_ENABLE_OBJC_ARC = YES;
				CLANG_WARN_BOOL_CONVERSION = YES;
				CLANG_WARN_CONSTANT_CONVERSION = YES;
				CLANG_WARN_DIRECT_OBJC_ISA_USAGE = YES_ERROR;
				CLANG_WARN_EMPTY_BODY = YES;
				CLANG_WARN_ENUM_CONVERSION = YES;
				CLANG_WARN_INT_CONVERSION = YES;
				CLANG_WARN_OBJC_ROOT_CLASS = YES_ERROR;
				CLANG_WARN__DUPLICATE_METHOD_MATCH = YES;
				COPY_PHASE_STRIP = NO;
				GCC_C_LANGUAGE_STANDARD = gnu99;
				GCC_DYNAMIC_NO_PIC = NO;
				GCC_ENABLE_OBJC_EXCEPTIONS = YES;
				GCC_OPTIMIZATION_LEVEL = 0;
				GCC_PREPROCESSOR_DEFINITIONS = (
					"DEBUG=1",
					"$(inherited)",
				);
				GCC_SYMBOLS_PRIVATE_EXTERN = NO;
				GCC_WARN_64_TO_32_BIT_CONVERSION = YES;
				GCC_WARN_ABOUT_RETURN_TYPE = YES_ERROR;
				GCC_WARN_UNDECLARED_SELECTOR = YES;
				GCC_WARN_UNINITIALIZED_AUTOS = YES;
				GCC_WARN_UNUSED_FUNCTION = YES;
				GCC_WARN_UNUSED_VARIABLE = YES;
				MACOSX_DEPLOYMENT_TARGET = 10.9;
				ONLY_ACTIVE_ARCH = YES;
				SDKROOT = macosx;
			};
			name = Debug;
		};
		D33C4E38181B87D600F7DCAD /* Release */ = {
			isa = XCBuildConfiguration;
			buildSettings = {
				ALWAYS_SEARCH_USER_PATHS = NO;
				CLANG_CXX_LANGUAGE_STANDARD = "gnu++0x";
				CLANG_CXX_LIBRARY = "libc++";
				CLANG_ENABLE_OBJC_ARC = YES;
				CLANG_WARN_BOOL_CONVERSION = YES;
				CLANG_WARN_CONSTANT_CONVERSION = YES;
				CLANG_WARN_DIRECT_OBJC_ISA_USAGE = YES_ERROR;
				CLANG_WARN_EMPTY_BODY = YES;
				CLANG_WARN_ENUM_CONVERSION = YES;
				CLANG_WARN_INT_CONVERSION = YES;
				CLANG_WARN_OBJC_ROOT_CLASS = YES_ERROR;
				CLANG_WARN__DUPLICATE_METHOD_MATCH = YES;
				COPY_PHASE_STRIP = YES;
				DEBUG_INFORMATION_FORMAT = "dwarf-with-dsym";
				ENABLE_NS_ASSERTIONS = NO;
				GCC_C_LANGUAGE_STANDARD = gnu99;
				GCC_ENABLE_OBJC_EXCEPTIONS = YES;
				GCC_WARN_64_TO_32_BIT_CONVERSION = YES;
				GCC_WARN_ABOUT_RETURN_TYPE = YES_ERROR;
				GCC_WARN_UNDECLARED_SELECTOR = YES;
				GCC_WARN_UNINITIALIZED_AUTOS = YES;
				GCC_WARN_UNUSED_FUNCTION = YES;
				GCC_WARN_UNUSED_VARIABLE = YES;
				MACOSX_DEPLOYMENT_TARGET = 10.9;
				SDKROOT = macosx;
			};
			name = Release;
		};
		D33C4E3A181B87D600F7DCAD /* Debug */ = {
			isa = XCBuildConfiguration;
			buildSettings = {
				ASSETCATALOG_COMPILER_APPICON_NAME = AppIcon;
				COMBINE_HIDPI_IMAGES = YES;
				GCC_PRECOMPILE_PREFIX_HEADER = YES;
				GCC_PREFIX_HEADER = "EmptyApp/EmptyApp-Prefix.pch";
				INFOPLIST_FILE = "EmptyApp/EmptyApp-Info.plist";
				PRODUCT_NAME = "$(TARGET_NAME)";
				WRAPPER_EXTENSION = app;
			};
			name = Debug;
		};
		D33C4E3B181B87D600F7DCAD /* Release */ = {
			isa = XCBuildConfiguration;
			buildSettings = {
				ASSETCATALOG_COMPILER_APPICON_NAME = AppIcon;
				COMBINE_HIDPI_IMAGES = YES;
				GCC_PRECOMPILE_PREFIX_HEADER = YES;
				GCC_PREFIX_HEADER = "EmptyApp/EmptyApp-Prefix.pch";
				INFOPLIST_FILE = "EmptyApp/EmptyApp-Info.plist";
				PRODUCT_NAME = "$(TARGET_NAME)";
				WRAPPER_EXTENSION = app;
			};
			name = Release;
		};
		D33C4E3D181B87D600F7DCAD /* Debug */ = {
			isa = XCBuildConfiguration;
			buildSettings = {
				BUNDLE_LOADER = "$(BUILT_PRODUCTS_DIR)/EmptyApp.app/Contents/MacOS/EmptyApp";
				COMBINE_HIDPI_IMAGES = YES;
				FRAMEWORK_SEARCH_PATHS = (
					"$(DEVELOPER_FRAMEWORKS_DIR)",
					"$(inherited)",
				);
				GCC_PRECOMPILE_PREFIX_HEADER = YES;
				GCC_PREFIX_HEADER = "EmptyApp/EmptyApp-Prefix.pch";
				GCC_PREPROCESSOR_DEFINITIONS = (
					"DEBUG=1",
					"$(inherited)",
				);
				INFOPLIST_FILE = "EmptyAppTests/EmptyAppTests-Info.plist";
				PRODUCT_NAME = "$(TARGET_NAME)";
				TEST_HOST = "$(BUNDLE_LOADER)";
				WRAPPER_EXTENSION = xctest;
			};
			name = Debug;
		};
		D33C4E3E181B87D600F7DCAD /* Release */ = {
			isa = XCBuildConfiguration;
			buildSettings = {
				BUNDLE_LOADER = "$(BUILT_PRODUCTS_DIR)/EmptyApp.app/Contents/MacOS/EmptyApp";
				COMBINE_HIDPI_IMAGES = YES;
				FRAMEWORK_SEARCH_PATHS = (
					"$(DEVELOPER_FRAMEWORKS_DIR)",
					"$(inherited)",
				);
				GCC_PRECOMPILE_PREFIX_HEADER = YES;
				GCC_PREFIX_HEADER = "EmptyApp/EmptyApp-Prefix.pch";
				INFOPLIST_FILE = "EmptyAppTests/EmptyAppTests-Info.plist";
				PRODUCT_NAME = "$(TARGET_NAME)";
				TEST_HOST = "$(BUNDLE_LOADER)";
				WRAPPER_EXTENSION = xctest;
			};
			name = Release;
		};
/* End XCBuildConfiguration section */

/* Begin XCConfigurationList section */
		D33C4E03181B87D600F7DCAD /* Build configuration list for PBXProject "EmptyApp" */ = {
			isa = XCConfigurationList;
			buildConfigurations = (
				D33C4E37181B87D600F7DCAD /* Debug */,
				D33C4E38181B87D600F7DCAD /* Release */,
			);
			defaultConfigurationIsVisible = 0;
			defaultConfigurationName = Release;
		};
		D33C4E39181B87D600F7DCAD /* Build configuration list for PBXNativeTarget "EmptyApp" */ = {
			isa = XCConfigurationList;
			buildConfigurations = (
				D33C4E3A181B87D600F7DCAD /* Debug */,
				D33C4E3B181B87D600F7DCAD /* Release */,
			);
			defaultConfigurationIsVisible = 0;
		};
		D33C4E3C181B87D600F7DCAD /* Build configuration list for PBXNativeTarget "EmptyAppTests" */ = {
			isa = XCConfigurationList;
			buildConfigurations = (
				D33C4E3D181B87D600F7DCAD /* Debug */,
				D33C4E3E181B87D600F7DCAD /* Release */,
			);
			defaultConfigurationIsVisible = 0;
		};
/* End XCConfigurationList section */
	};
	rootObject = D33C4E00181B87D600F7DCAD /* Project object */;
}
